
Microsoft Visual Studio Solution File, Format Version 12.00
# Visual Studio Version 17
VisualStudioVersion = 17.14.36221.1 d17.14
MinimumVisualStudioVersion = 10.0.40219.1
Project("{FAE04EC0-301F-11D3-BF4B-00C04F79EFBC}") = "ConsoleApp1", "ConsoleApp1\ConsoleApp1.csproj", "{DBDF67E1-DFCB-40CA-91EF-6A34202D4357}"
EndProject
Project("{FAE04EC0-301F-11D3-BF4B-00C04F79EFBC}") = "ConsoleApp2", "ConsoleApp2\ConsoleApp2.csproj", "{8A37A154-4E1E-4FEF-9FBD-C641A348828F}"
EndProject
Project("{FAE04EC0-301F-11D3-BF4B-00C04F79EFBC}") = "ClassLibrary2", "ClassLibrary2\ClassLibrary2.csproj", "{2620F606-35BE-432A-8C0F-5DB772539F99}"
EndProject
Project("{FAE04EC0-301F-11D3-BF4B-00C04F79EFBC}") = "ClassLibrary1", "ClassLibrary1\ClassLibrary1.csproj", "{DFF5E73F-D06B-4D34-AABA-721BADAC8F2F}"
EndProject
Global
	GlobalSection(SolutionConfigurationPlatforms) = preSolution
		Debug|Any CPU = Debug|Any CPU
		Release|Any CPU = Release|Any CPU
	EndGlobalSection
	GlobalSection(ProjectConfigurationPlatforms) = postSolution
		{DBDF67E1-DFCB-40CA-91EF-6A34202D4357}.Debug|Any CPU.ActiveCfg = Debug|Any CPU
		{DBDF67E1-DFCB-40CA-91EF-6A34202D4357}.Debug|Any CPU.Build.0 = Debug|Any CPU
		{DBDF67E1-DFCB-40CA-91EF-6A34202D4357}.Release|Any CPU.ActiveCfg = Release|Any CPU
		{DBDF67E1-DFCB-40CA-91EF-6A34202D4357}.Release|Any CPU.Build.0 = Release|Any CPU
		{8A37A154-4E1E-4FEF-9FBD-C641A348828F}.Debug|Any CPU.ActiveCfg = Debug|Any CPU
		{8A37A154-4E1E-4FEF-9FBD-C641A348828F}.Debug|Any CPU.Build.0 = Debug|Any CPU
		{8A37A154-4E1E-4FEF-9FBD-C641A348828F}.Release|Any CPU.ActiveCfg = Release|Any CPU
		{8A37A154-4E1E-4FEF-9FBD-C641A348828F}.Release|Any CPU.Build.0 = Release|Any CPU
		{2620F606-35BE-432A-8C0F-5DB772539F99}.Debug|Any CPU.ActiveCfg = Debug|Any CPU
		{2620F606-35BE-432A-8C0F-5DB772539F99}.Debug|Any CPU.Build.0 = Debug|Any CPU
		{2620F606-35BE-432A-8C0F-5DB772539F99}.Release|Any CPU.ActiveCfg = Release|Any CPU
		{2620F606-35BE-432A-8C0F-5DB772539F99}.Release|Any CPU.Build.0 = Release|Any CPU
		{DFF5E73F-D06B-4D34-AABA-721BADAC8F2F}.Debug|Any CPU.ActiveCfg = Debug|Any CPU
		{DFF5E73F-D06B-4D34-AABA-721BADAC8F2F}.Debug|Any CPU.Build.0 = Debug|Any CPU
		{DFF5E73F-D06B-4D34-AABA-721BADAC8F2F}.Release|Any CPU.ActiveCfg = Release|Any CPU
		{DFF5E73F-D06B-4D34-AABA-721BADAC8F2F}.Release|Any CPU.Build.0 = Release|Any CPU
	EndGlobalSection
	GlobalSection(SolutionProperties) = preSolution
		HideSolutionNode = FALSE
	EndGlobalSection
	GlobalSection(ExtensibilityGlobals) = postSolution
		SolutionGuid = {0555D1CE-F2A3-4085-8551-8BA99E9D6AB4}
	EndGlobalSection
EndGlobal
